// !$*UTF8*$!
{
	archiveVersion = 1;
	classes = {
	};
	objectVersion = 56;
	objects = {

/* Begin PBXBuildFile section */
		9DB3A06D2B358949000E51F8 /* SiriDemoApp.swift in Sources */ = {isa = PBXBuildFile; fileRef = 9DB3A06C2B358949000E51F8 /* SiriDemoApp.swift */; };
		9DB3A06F2B358949000E51F8 /* ContentView.swift in Sources */ = {isa = PBXBuildFile; fileRef = 9DB3A06E2B358949000E51F8 /* ContentView.swift */; };
		9DB3A0712B35894A000E51F8 /* Assets.xcassets in Resources */ = {isa = PBXBuildFile; fileRef = 9DB3A0702B35894A000E51F8 /* Assets.xcassets */; };
		9DB3A0742B35894A000E51F8 /* Preview Assets.xcassets in Resources */ = {isa = PBXBuildFile; fileRef = 9DB3A0732B35894A000E51F8 /* Preview Assets.xcassets */; };
		9DB3A0822B358E16000E51F8 /* Intents.framework in Frameworks */ = {isa = PBXBuildFile; fileRef = 9DB3A0812B358E16000E51F8 /* Intents.framework */; };
		9DB3A0852B358E16000E51F8 /* IntentHandler.swift in Sources */ = {isa = PBXBuildFile; fileRef = 9DB3A0842B358E16000E51F8 /* IntentHandler.swift */; };
		9DB3A0892B358E16000E51F8 /* SiriDemoIntent.appex in Embed Foundation Extensions */ = {isa = PBXBuildFile; fileRef = 9DB3A07F2B358E16000E51F8 /* SiriDemoIntent.appex */; settings = {ATTRIBUTES = (RemoveHeadersOnCopy, ); }; };
		9DB3A08F2B35969A000E51F8 /* Intents.intentdefinition in Sources */ = {isa = PBXBuildFile; fileRef = 9DB3A08E2B35969A000E51F8 /* Intents.intentdefinition */; };
/* End PBXBuildFile section */

/* Begin PBXContainerItemProxy section */
		9DB3A0872B358E16000E51F8 /* PBXContainerItemProxy */ = {
			isa = PBXContainerItemProxy;
			containerPortal = 9DB3A0612B358949000E51F8 /* Project object */;
			proxyType = 1;
			remoteGlobalIDString = 9DB3A07E2B358E16000E51F8;
			remoteInfo = SiriDemoIntent;
		};
/* End PBXContainerItemProxy section */

/* Begin PBXCopyFilesBuildPhase section */
		9DB3A08D2B358E16000E51F8 /* Embed Foundation Extensions */ = {
			isa = PBXCopyFilesBuildPhase;
			buildActionMask = 2147483647;
			dstPath = "";
			dstSubfolderSpec = 13;
			files = (
				9DB3A0892B358E16000E51F8 /* SiriDemoIntent.appex in Embed Foundation Extensions */,
			);
			name = "Embed Foundation Extensions";
			runOnlyForDeploymentPostprocessing = 0;
		};
/* End PBXCopyFilesBuildPhase section */

/* Begin PBXFileReference section */
		9DB3A0692B358949000E51F8 /* SiriDemo.app */ = {isa = PBXFileReference; explicitFileType = wrapper.application; includeInIndex = 0; path = SiriDemo.app; sourceTree = BUILT_PRODUCTS_DIR; };
		9DB3A06C2B358949000E51F8 /* SiriDemoApp.swift */ = {isa = PBXFileReference; lastKnownFileType = sourcecode.swift; path = SiriDemoApp.swift; sourceTree = "<group>"; };
		9DB3A06E2B358949000E51F8 /* ContentView.swift */ = {isa = PBXFileReference; lastKnownFileType = sourcecode.swift; path = ContentView.swift; sourceTree = "<group>"; };
		9DB3A0702B35894A000E51F8 /* Assets.xcassets */ = {isa = PBXFileReference; lastKnownFileType = folder.assetcatalog; path = Assets.xcassets; sourceTree = "<group>"; };
		9DB3A0732B35894A000E51F8 /* Preview Assets.xcassets */ = {isa = PBXFileReference; lastKnownFileType = folder.assetcatalog; path = "Preview Assets.xcassets"; sourceTree = "<group>"; };
		9DB3A07A2B3589C8000E51F8 /* SiriDemo.entitlements */ = {isa = PBXFileReference; lastKnownFileType = text.plist.entitlements; path = SiriDemo.entitlements; sourceTree = "<group>"; };
		9DB3A07F2B358E16000E51F8 /* SiriDemoIntent.appex */ = {isa = PBXFileReference; explicitFileType = "wrapper.app-extension"; includeInIndex = 0; path = SiriDemoIntent.appex; sourceTree = BUILT_PRODUCTS_DIR; };
		9DB3A0812B358E16000E51F8 /* Intents.framework */ = {isa = PBXFileReference; lastKnownFileType = wrapper.framework; name = Intents.framework; path = System/Library/Frameworks/Intents.framework; sourceTree = SDKROOT; };
		9DB3A0842B358E16000E51F8 /* IntentHandler.swift */ = {isa = PBXFileReference; lastKnownFileType = sourcecode.swift; path = IntentHandler.swift; sourceTree = "<group>"; };
		9DB3A0862B358E16000E51F8 /* Info.plist */ = {isa = PBXFileReference; lastKnownFileType = text.plist.xml; path = Info.plist; sourceTree = "<group>"; };
		9DB3A08E2B35969A000E51F8 /* Intents.intentdefinition */ = {isa = PBXFileReference; lastKnownFileType = file.intentdefinition; path = Intents.intentdefinition; sourceTree = "<group>"; };
/* End PBXFileReference section */

/* Begin PBXFrameworksBuildPhase section */
		9DB3A0662B358949000E51F8 /* Frameworks */ = {
			isa = PBXFrameworksBuildPhase;
			buildActionMask = 2147483647;
			files = (
			);
			runOnlyForDeploymentPostprocessing = 0;
		};
		9DB3A07C2B358E16000E51F8 /* Frameworks */ = {
			isa = PBXFrameworksBuildPhase;
			buildActionMask = 2147483647;
			files = (
				9DB3A0822B358E16000E51F8 /* Intents.framework in Frameworks */,
			);
			runOnlyForDeploymentPostprocessing = 0;
		};
/* End PBXFrameworksBuildPhase section */

/* Begin PBXGroup section */
		9DB3A0602B358949000E51F8 = {
			isa = PBXGroup;
			children = (
				9DB3A06B2B358949000E51F8 /* SiriDemo */,
				9DB3A0832B358E16000E51F8 /* SiriDemoIntent */,
				9DB3A0802B358E16000E51F8 /* Frameworks */,
				9DB3A06A2B358949000E51F8 /* Products */,
			);
			sourceTree = "<group>";
		};
		9DB3A06A2B358949000E51F8 /* Products */ = {
			isa = PBXGroup;
			children = (
				9DB3A0692B358949000E51F8 /* SiriDemo.app */,
				9DB3A07F2B358E16000E51F8 /* SiriDemoIntent.appex */,
			);
			name = Products;
			sourceTree = "<group>";
		};
		9DB3A06B2B358949000E51F8 /* SiriDemo */ = {
			isa = PBXGroup;
			children = (
				9DB3A07A2B3589C8000E51F8 /* SiriDemo.entitlements */,
				9DB3A06C2B358949000E51F8 /* SiriDemoApp.swift */,
				9DB3A06E2B358949000E51F8 /* ContentView.swift */,
				9DB3A0702B35894A000E51F8 /* Assets.xcassets */,
				9DB3A0722B35894A000E51F8 /* Preview Content */,
			);
			path = SiriDemo;
			sourceTree = "<group>";
		};
		9DB3A0722B35894A000E51F8 /* Preview Content */ = {
			isa = PBXGroup;
			children = (
				9DB3A0732B35894A000E51F8 /* Preview Assets.xcassets */,
			);
			path = "Preview Content";
			sourceTree = "<group>";
		};
		9DB3A0802B358E16000E51F8 /* Frameworks */ = {
			isa = PBXGroup;
			children = (
				9DB3A0812B358E16000E51F8 /* Intents.framework */,
				9DB3A08E2B35969A000E51F8 /* Intents.intentdefinition */,
			);
			name = Frameworks;
			sourceTree = "<group>";
		};
		9DB3A0832B358E16000E51F8 /* SiriDemoIntent */ = {
			isa = PBXGroup;
			children = (
				9DB3A0842B358E16000E51F8 /* IntentHandler.swift */,
				9DB3A0862B358E16000E51F8 /* Info.plist */,
			);
			path = SiriDemoIntent;
			sourceTree = "<group>";
		};
/* End PBXGroup section */

/* Begin PBXNativeTarget section */
		9DB3A0682B358949000E51F8 /* SiriDemo */ = {
			isa = PBXNativeTarget;
			buildConfigurationList = 9DB3A0772B35894A000E51F8 /* Build configuration list for PBXNativeTarget "SiriDemo" */;
			buildPhases = (
				9DB3A0652B358949000E51F8 /* Sources */,
				9DB3A0662B358949000E51F8 /* Frameworks */,
				9DB3A0672B358949000E51F8 /* Resources */,
				9DB3A08D2B358E16000E51F8 /* Embed Foundation Extensions */,
			);
			buildRules = (
			);
			dependencies = (
				9DB3A0882B358E16000E51F8 /* PBXTargetDependency */,
			);
			name = SiriDemo;
			productName = SiriDemo;
			productReference = 9DB3A0692B358949000E51F8 /* SiriDemo.app */;
			productType = "com.apple.product-type.application";
		};
		9DB3A07E2B358E16000E51F8 /* SiriDemoIntent */ = {
			isa = PBXNativeTarget;
			buildConfigurationList = 9DB3A08A2B358E16000E51F8 /* Build configuration list for PBXNativeTarget "SiriDemoIntent" */;
			buildPhases = (
				9DB3A07B2B358E16000E51F8 /* Sources */,
				9DB3A07C2B358E16000E51F8 /* Frameworks */,
				9DB3A07D2B358E16000E51F8 /* Resources */,
			);
			buildRules = (
			);
			dependencies = (
			);
			name = SiriDemoIntent;
			productName = SiriDemoIntent;
			productReference = 9DB3A07F2B358E16000E51F8 /* SiriDemoIntent.appex */;
			productType = "com.apple.product-type.app-extension";
		};
/* End PBXNativeTarget section */

/* Begin PBXProject section */
		9DB3A0612B358949000E51F8 /* Project object */ = {
			isa = PBXProject;
			attributes = {
				BuildIndependentTargetsInParallel = 1;
				LastSwiftUpdateCheck = 1510;
				LastUpgradeCheck = 1510;
				TargetAttributes = {
					9DB3A0682B358949000E51F8 = {
						CreatedOnToolsVersion = 15.1;
					};
					9DB3A07E2B358E16000E51F8 = {
						CreatedOnToolsVersion = 15.1;
					};
				};
			};
			buildConfigurationList = 9DB3A0642B358949000E51F8 /* Build configuration list for PBXProject "SiriDemo" */;
			compatibilityVersion = "Xcode 14.0";
			developmentRegion = en;
			hasScannedForEncodings = 0;
			knownRegions = (
				en,
				Base,
			);
			mainGroup = 9DB3A0602B358949000E51F8;
			productRefGroup = 9DB3A06A2B358949000E51F8 /* Products */;
			projectDirPath = "";
			projectRoot = "";
			targets = (
				9DB3A0682B358949000E51F8 /* SiriDemo */,
				9DB3A07E2B358E16000E51F8 /* SiriDemoIntent */,
			);
		};
/* End PBXProject section */

/* Begin PBXResourcesBuildPhase section */
		9DB3A0672B358949000E51F8 /* Resources */ = {
			isa = PBXResourcesBuildPhase;
			buildActionMask = 2147483647;
			files = (
				9DB3A0742B35894A000E51F8 /* Preview Assets.xcassets in Resources */,
				9DB3A0712B35894A000E51F8 /* Assets.xcassets in Resources */,
			);
			runOnlyForDeploymentPostprocessing = 0;
		};
		9DB3A07D2B358E16000E51F8 /* Resources */ = {
			isa = PBXResourcesBuildPhase;
			buildActionMask = 2147483647;
			files = (
			);
			runOnlyForDeploymentPostprocessing = 0;
		};
/* End PBXResourcesBuildPhase section */

/* Begin PBXSourcesBuildPhase section */
		9DB3A0652B358949000E51F8 /* Sources */ = {
			isa = PBXSourcesBuildPhase;
			buildActionMask = 2147483647;
			files = (
				9DB3A06F2B358949000E51F8 /* ContentView.swift in Sources */,
				9DB3A06D2B358949000E51F8 /* SiriDemoApp.swift in Sources */,
			);
			runOnlyForDeploymentPostprocessing = 0;
		};
		9DB3A07B2B358E16000E51F8 /* Sources */ = {
			isa = PBXSourcesBuildPhase;
			buildActionMask = 2147483647;
			files = (
				9DB3A08F2B35969A000E51F8 /* Intents.intentdefinition in Sources */,
				9DB3A0852B358E16000E51F8 /* IntentHandler.swift in Sources */,
			);
			runOnlyForDeploymentPostprocessing = 0;
		};
/* End PBXSourcesBuildPhase section */

/* Begin PBXTargetDependency section */
		9DB3A0882B358E16000E51F8 /* PBXTargetDependency */ = {
			isa = PBXTargetDependency;
			target = 9DB3A07E2B358E16000E51F8 /* SiriDemoIntent */;
			targetProxy = 9DB3A0872B358E16000E51F8 /* PBXContainerItemProxy */;
		};
/* End PBXTargetDependency section */

/* Begin XCBuildConfiguration section */
		9DB3A0752B35894A000E51F8 /* Debug */ = {
			isa = XCBuildConfiguration;
			buildSettings = {
				ALWAYS_SEARCH_USER_PATHS = NO;
				ASSETCATALOG_COMPILER_GENERATE_SWIFT_ASSET_SYMBOL_EXTENSIONS = YES;
				CLANG_ANALYZER_NONNULL = YES;
				CLANG_ANALYZER_NUMBER_OBJECT_CONVERSION = YES_AGGRESSIVE;
				CLANG_CXX_LANGUAGE_STANDARD = "gnu++20";
				CLANG_ENABLE_MODULES = YES;
				CLANG_ENABLE_OBJC_ARC = YES;
				CLANG_ENABLE_OBJC_WEAK = YES;
				CLANG_WARN_BLOCK_CAPTURE_AUTORELEASING = YES;
				CLANG_WARN_BOOL_CONVERSION = YES;
				CLANG_WARN_COMMA = YES;
				CLANG_WARN_CONSTANT_CONVERSION = YES;
				CLANG_WARN_DEPRECATED_OBJC_IMPLEMENTATIONS = YES;
				CLANG_WARN_DIRECT_OBJC_ISA_USAGE = YES_ERROR;
				CLANG_WARN_DOCUMENTATION_COMMENTS = YES;
				CLANG_WARN_EMPTY_BODY = YES;
				CLANG_WARN_ENUM_CONVERSION = YES;
				CLANG_WARN_INFINITE_RECURSION = YES;
				CLANG_WARN_INT_CONVERSION = YES;
				CLANG_WARN_NON_LITERAL_NULL_CONVERSION = YES;
				CLANG_WARN_OBJC_IMPLICIT_RETAIN_SELF = YES;
				CLANG_WARN_OBJC_LITERAL_CONVERSION = YES;
				CLANG_WARN_OBJC_ROOT_CLASS = YES_ERROR;
				CLANG_WARN_QUOTED_INCLUDE_IN_FRAMEWORK_HEADER = YES;
				CLANG_WARN_RANGE_LOOP_ANALYSIS = YES;
				CLANG_WARN_STRICT_PROTOTYPES = YES;
				CLANG_WARN_SUSPICIOUS_MOVE = YES;
				CLANG_WARN_UNGUARDED_AVAILABILITY = YES_AGGRESSIVE;
				CLANG_WARN_UNREACHABLE_CODE = YES;
				CLANG_WARN__DUPLICATE_METHOD_MATCH = YES;
				COPY_PHASE_STRIP = NO;
				DEBUG_INFORMATION_FORMAT = dwarf;
				ENABLE_STRICT_OBJC_MSGSEND = YES;
				ENABLE_TESTABILITY = YES;
				ENABLE_USER_SCRIPT_SANDBOXING = YES;
				GCC_C_LANGUAGE_STANDARD = gnu17;
				GCC_DYNAMIC_NO_PIC = NO;
				GCC_NO_COMMON_BLOCKS = YES;
				GCC_OPTIMIZATION_LEVEL = 0;
				GCC_PREPROCESSOR_DEFINITIONS = (
					"DEBUG=1",
					"$(inherited)",
				);
				GCC_WARN_64_TO_32_BIT_CONVERSION = YES;
				GCC_WARN_ABOUT_RETURN_TYPE = YES_ERROR;
				GCC_WARN_UNDECLARED_SELECTOR = YES;
				GCC_WARN_UNINITIALIZED_AUTOS = YES_AGGRESSIVE;
				GCC_WARN_UNUSED_FUNCTION = YES;
				GCC_WARN_UNUSED_VARIABLE = YES;
				IPHONEOS_DEPLOYMENT_TARGET = 17.2;
				LOCALIZATION_PREFERS_STRING_CATALOGS = YES;
				MTL_ENABLE_DEBUG_INFO = INCLUDE_SOURCE;
				MTL_FAST_MATH = YES;
				ONLY_ACTIVE_ARCH = YES;
				SDKROOT = iphoneos;
				SWIFT_ACTIVE_COMPILATION_CONDITIONS = "DEBUG $(inherited)";
				SWIFT_OPTIMIZATION_LEVEL = "-Onone";
			};
			name = Debug;
		};
		9DB3A0762B35894A000E51F8 /* Release */ = {
			isa = XCBuildConfiguration;
			buildSettings = {
				ALWAYS_SEARCH_USER_PATHS = NO;
				ASSETCATALOG_COMPILER_GENERATE_SWIFT_ASSET_SYMBOL_EXTENSIONS = YES;
				CLANG_ANALYZER_NONNULL = YES;
				CLANG_ANALYZER_NUMBER_OBJECT_CONVERSION = YES_AGGRESSIVE;
				CLANG_CXX_LANGUAGE_STANDARD = "gnu++20";
				CLANG_ENABLE_MODULES = YES;
				CLANG_ENABLE_OBJC_ARC = YES;
				CLANG_ENABLE_OBJC_WEAK = YES;
				CLANG_WARN_BLOCK_CAPTURE_AUTORELEASING = YES;
				CLANG_WARN_BOOL_CONVERSION = YES;
				CLANG_WARN_COMMA = YES;
				CLANG_WARN_CONSTANT_CONVERSION = YES;
				CLANG_WARN_DEPRECATED_OBJC_IMPLEMENTATIONS = YES;
				CLANG_WARN_DIRECT_OBJC_ISA_USAGE = YES_ERROR;
				CLANG_WARN_DOCUMENTATION_COMMENTS = YES;
				CLANG_WARN_EMPTY_BODY = YES;
				CLANG_WARN_ENUM_CONVERSION = YES;
				CLANG_WARN_INFINITE_RECURSION = YES;
				CLANG_WARN_INT_CONVERSION = YES;
				CLANG_WARN_NON_LITERAL_NULL_CONVERSION = YES;
				CLANG_WARN_OBJC_IMPLICIT_RETAIN_SELF = YES;
				CLANG_WARN_OBJC_LITERAL_CONVERSION = YES;
				CLANG_WARN_OBJC_ROOT_CLASS = YES_ERROR;
				CLANG_WARN_QUOTED_INCLUDE_IN_FRAMEWORK_HEADER = YES;
				CLANG_WARN_RANGE_LOOP_ANALYSIS = YES;
				CLANG_WARN_STRICT_PROTOTYPES = YES;
				CLANG_WARN_SUSPICIOUS_MOVE = YES;
				CLANG_WARN_UNGUARDED_AVAILABILITY = YES_AGGRESSIVE;
				CLANG_WARN_UNREACHABLE_CODE = YES;
				CLANG_WARN__DUPLICATE_METHOD_MATCH = YES;
				COPY_PHASE_STRIP = NO;
				DEBUG_INFORMATION_FORMAT = "dwarf-with-dsym";
				ENABLE_NS_ASSERTIONS = NO;
				ENABLE_STRICT_OBJC_MSGSEND = YES;
				ENABLE_USER_SCRIPT_SANDBOXING = YES;
				GCC_C_LANGUAGE_STANDARD = gnu17;
				GCC_NO_COMMON_BLOCKS = YES;
				GCC_WARN_64_TO_32_BIT_CONVERSION = YES;
				GCC_WARN_ABOUT_RETURN_TYPE = YES_ERROR;
				GCC_WARN_UNDECLARED_SELECTOR = YES;
				GCC_WARN_UNINITIALIZED_AUTOS = YES_AGGRESSIVE;
				GCC_WARN_UNUSED_FUNCTION = YES;
				GCC_WARN_UNUSED_VARIABLE = YES;
				IPHONEOS_DEPLOYMENT_TARGET = 17.2;
				LOCALIZATION_PREFERS_STRING_CATALOGS = YES;
				MTL_ENABLE_DEBUG_INFO = NO;
				MTL_FAST_MATH = YES;
				SDKROOT = iphoneos;
				SWIFT_COMPILATION_MODE = wholemodule;
				VALIDATE_PRODUCT = YES;
			};
			name = Release;
		};
		9DB3A0782B35894A000E51F8 /* Debug */ = {
			isa = XCBuildConfiguration;
			buildSettings = {
				ALWAYS_EMBED_SWIFT_STANDARD_LIBRARIES = YES;
				ASSETCATALOG_COMPILER_APPICON_NAME = AppIcon;
				ASSETCATALOG_COMPILER_GLOBAL_ACCENT_COLOR_NAME = AccentColor;
				CODE_SIGN_ENTITLEMENTS = SiriDemo/SiriDemo.entitlements;
				CODE_SIGN_STYLE = Automatic;
				CURRENT_PROJECT_VERSION = 1;
				DEVELOPMENT_ASSET_PATHS = "\"SiriDemo/Preview Content\"";
				ENABLE_PREVIEWS = YES;
				GENERATE_INFOPLIST_FILE = YES;
				INFOPLIST_KEY_NSSiriUsageDescription = "Siri support is used to send review messages";
				INFOPLIST_KEY_UIApplicationSceneManifest_Generation = YES;
				INFOPLIST_KEY_UIApplicationSupportsIndirectInputEvents = YES;
				INFOPLIST_KEY_UILaunchScreen_Generation = YES;
				INFOPLIST_KEY_UISupportedInterfaceOrientations_iPad = "UIInterfaceOrientationPortrait UIInterfaceOrientationPortraitUpsideDown UIInterfaceOrientationLandscapeLeft UIInterfaceOrientationLandscapeRight";
				INFOPLIST_KEY_UISupportedInterfaceOrientations_iPhone = "UIInterfaceOrientationPortrait UIInterfaceOrientationLandscapeLeft UIInterfaceOrientationLandscapeRight";
				LD_RUNPATH_SEARCH_PATHS = (
					"$(inherited)",
					"@executable_path/Frameworks",
				);
				MARKETING_VERSION = 1.0;
				PRODUCT_BUNDLE_IDENTIFIER = xu.xoul.SiriDemo;
				PRODUCT_NAME = "$(TARGET_NAME)";
				SWIFT_EMIT_LOC_STRINGS = YES;
				SWIFT_VERSION = 5.0;
				TARGETED_DEVICE_FAMILY = "1,2";
			};
			name = Debug;
		};
		9DB3A0792B35894A000E51F8 /* Release */ = {
			isa = XCBuildConfiguration;
			buildSettings = {
				ALWAYS_EMBED_SWIFT_STANDARD_LIBRARIES = YES;
				ASSETCATALOG_COMPILER_APPICON_NAME = AppIcon;
				ASSETCATALOG_COMPILER_GLOBAL_ACCENT_COLOR_NAME = AccentColor;
				CODE_SIGN_ENTITLEMENTS = SiriDemo/SiriDemo.entitlements;
				CODE_SIGN_STYLE = Automatic;
				CURRENT_PROJECT_VERSION = 1;
				DEVELOPMENT_ASSET_PATHS = "\"SiriDemo/Preview Content\"";
				ENABLE_PREVIEWS = YES;
				GENERATE_INFOPLIST_FILE = YES;
				INFOPLIST_KEY_NSSiriUsageDescription = "Siri support is used to send review messages";
				INFOPLIST_KEY_UIApplicationSceneManifest_Generation = YES;
				INFOPLIST_KEY_UIApplicationSupportsIndirectInputEvents = YES;
				INFOPLIST_KEY_UILaunchScreen_Generation = YES;
				INFOPLIST_KEY_UISupportedInterfaceOrientations_iPad = "UIInterfaceOrientationPortrait UIInterfaceOrientationPortraitUpsideDown UIInterfaceOrientationLandscapeLeft UIInterfaceOrientationLandscapeRight";
				INFOPLIST_KEY_UISupportedInterfaceOrientations_iPhone = "UIInterfaceOrientationPortrait UIInterfaceOrientationLandscapeLeft UIInterfaceOrientationLandscapeRight";
				LD_RUNPATH_SEARCH_PATHS = (
					"$(inherited)",
					"@executable_path/Frameworks",
				);
				MARKETING_VERSION = 1.0;
				PRODUCT_BUNDLE_IDENTIFIER = xu.xoul.SiriDemo;
				PRODUCT_NAME = "$(TARGET_NAME)";
				SWIFT_EMIT_LOC_STRINGS = YES;
				SWIFT_VERSION = 5.0;
				TARGETED_DEVICE_FAMILY = "1,2";
			};
			name = Release;
		};
		9DB3A08B2B358E16000E51F8 /* Debug */ = {
			isa = XCBuildConfiguration;
			buildSettings = {
				CODE_SIGN_STYLE = Automatic;
				CURRENT_PROJECT_VERSION = 1;
				GENERATE_INFOPLIST_FILE = YES;
				INFOPLIST_FILE = SiriDemoIntent/Info.plist;
				INFOPLIST_KEY_CFBundleDisplayName = SiriDemoIntent;
				INFOPLIST_KEY_NSHumanReadableCopyright = "";
				LD_RUNPATH_SEARCH_PATHS = (
					"$(inherited)",
					"@executable_path/Frameworks",
					"@executable_path/../../Frameworks",
				);
				MARKETING_VERSION = 1.0;
				PRODUCT_BUNDLE_IDENTIFIER = xu.xoul.SiriDemo.SiriDemoIntent;
				PRODUCT_NAME = "$(TARGET_NAME)";
				SKIP_INSTALL = YES;
				SWIFT_EMIT_LOC_STRINGS = YES;
				SWIFT_VERSION = 5.0;
				TARGETED_DEVICE_FAMILY = "1,2";
			};
			name = Debug;
		};
		9DB3A08C2B358E16000E51F8 /* Release */ = {
			isa = XCBuildConfiguration;
			buildSettings = {
				CODE_SIGN_STYLE = Automatic;
				CURRENT_PROJECT_VERSION = 1;
				GENERATE_INFOPLIST_FILE = YES;
				INFOPLIST_FILE = SiriDemoIntent/Info.plist;
				INFOPLIST_KEY_CFBundleDisplayName = SiriDemoIntent;
				INFOPLIST_KEY_NSHumanReadableCopyright = "";
				LD_RUNPATH_SEARCH_PATHS = (
					"$(inherited)",
					"@executable_path/Frameworks",
					"@executable_path/../../Frameworks",
				);
				MARKETING_VERSION = 1.0;
				PRODUCT_BUNDLE_IDENTIFIER = xu.xoul.SiriDemo.SiriDemoIntent;
				PRODUCT_NAME = "$(TARGET_NAME)";
				SKIP_INSTALL = YES;
				SWIFT_EMIT_LOC_STRINGS = YES;
				SWIFT_VERSION = 5.0;
				TARGETED_DEVICE_FAMILY = "1,2";
			};
			name = Release;
		};
/* End XCBuildConfiguration section */

/* Begin XCConfigurationList section */
		9DB3A0642B358949000E51F8 /* Build configuration list for PBXProject "SiriDemo" */ = {
			isa = XCConfigurationList;
			buildConfigurations = (
				9DB3A0752B35894A000E51F8 /* Debug */,
				9DB3A0762B35894A000E51F8 /* Release */,
			);
			defaultConfigurationIsVisible = 0;
			defaultConfigurationName = Release;
		};
		9DB3A0772B35894A000E51F8 /* Build configuration list for PBXNativeTarget "SiriDemo" */ = {
			isa = XCConfigurationList;
			buildConfigurations = (
				9DB3A0782B35894A000E51F8 /* Debug */,
				9DB3A0792B35894A000E51F8 /* Release */,
			);
			defaultConfigurationIsVisible = 0;
			defaultConfigurationName = Release;
		};
		9DB3A08A2B358E16000E51F8 /* Build configuration list for PBXNativeTarget "SiriDemoIntent" */ = {
			isa = XCConfigurationList;
			buildConfigurations = (
				9DB3A08B2B358E16000E51F8 /* Debug */,
				9DB3A08C2B358E16000E51F8 /* Release */,
			);
			defaultConfigurationIsVisible = 0;
			defaultConfigurationName = Release;
		};
/* End XCConfigurationList section */
	};
	rootObject = 9DB3A0612B358949000E51F8 /* Project object */;
}
